// !$*UTF8*$!
{
	archiveVersion = 1;
	classes = {
	};
	objectVersion = 48;
	objects = {

/* Begin PBXBuildFile section */
		4C2297BC2051D94E0035F342 /* AppDelegate.m in Sources */ = {isa = PBXBuildFile; fileRef = 4C2297BB2051D94E0035F342 /* AppDelegate.m */; };
		4C2297C42051D94E0035F342 /* Assets.xcassets in Resources */ = {isa = PBXBuildFile; fileRef = 4C2297C32051D94E0035F342 /* Assets.xcassets */; };
		4C2297CA2051D94E0035F342 /* main.m in Sources */ = {isa = PBXBuildFile; fileRef = 4C2297C92051D94E0035F342 /* main.m */; };
		4C2297E22051E7C70035F342 /* Utilities.m in Sources */ = {isa = PBXBuildFile; fileRef = 4C2297E12051E7C70035F342 /* Utilities.m */; };
		4C2297E52051EA8F0035F342 /* NavigationController.m in Sources */ = {isa = PBXBuildFile; fileRef = 4C2297E42051EA8F0035F342 /* NavigationController.m */; };
		4C22E12D20534AD700896A71 /* Colors.m in Sources */ = {isa = PBXBuildFile; fileRef = 4C22E12C20534AD700896A71 /* Colors.m */; };
		4C22E13020534AF000896A71 /* Constants.m in Sources */ = {isa = PBXBuildFile; fileRef = 4C22E12F20534AF000896A71 /* Constants.m */; };
		4C22E13320534B0200896A71 /* Fonts.m in Sources */ = {isa = PBXBuildFile; fileRef = 4C22E13220534B0200896A71 /* Fonts.m */; };
		4C22E13620534B0F00896A71 /* Images.m in Sources */ = {isa = PBXBuildFile; fileRef = 4C22E13520534B0F00896A71 /* Images.m */; };
		4C22E13C205357D400896A71 /* OpenSans-Semibold.ttf in Resources */ = {isa = PBXBuildFile; fileRef = 4C22E138205357D300896A71 /* OpenSans-Semibold.ttf */; };
		4C22E13D205357D400896A71 /* OpenSans-Light.ttf in Resources */ = {isa = PBXBuildFile; fileRef = 4C22E139205357D300896A71 /* OpenSans-Light.ttf */; };
		4C22E13E205357D400896A71 /* OpenSans-Regular.ttf in Resources */ = {isa = PBXBuildFile; fileRef = 4C22E13A205357D300896A71 /* OpenSans-Regular.ttf */; };
		4C22E13F205357D400896A71 /* OpenSans-Bold.ttf in Resources */ = {isa = PBXBuildFile; fileRef = 4C22E13B205357D400896A71 /* OpenSans-Bold.ttf */; };
		4C22E1422053588300896A71 /* ModelTemplate.m in Sources */ = {isa = PBXBuildFile; fileRef = 4C22E1412053588300896A71 /* ModelTemplate.m */; };
		4C22E14520535A6300896A71 /* NetworkClient.m in Sources */ = {isa = PBXBuildFile; fileRef = 4C22E14420535A6300896A71 /* NetworkClient.m */; };
		4C22E14820535A8900896A71 /* NetworkService.m in Sources */ = {isa = PBXBuildFile; fileRef = 4C22E14720535A8900896A71 /* NetworkService.m */; };
		4C22E14C205361E500896A71 /* MainScreenController.m in Sources */ = {isa = PBXBuildFile; fileRef = 4C22E14B205361E500896A71 /* MainScreenController.m */; };
		4C22E14F205361F700896A71 /* MainScreenControllerView.m in Sources */ = {isa = PBXBuildFile; fileRef = 4C22E14E205361F700896A71 /* MainScreenControllerView.m */; };
		F0272B5AE796758A7F8A4266 /* Pods_Template_iOS_project.framework in Frameworks */ = {isa = PBXBuildFile; fileRef = 3D2A718E46FC59194F67144A /* Pods_Template_iOS_project.framework */; };
/* End PBXBuildFile section */

/* Begin PBXFileReference section */
		3D2A718E46FC59194F67144A /* Pods_Template_iOS_project.framework */ = {isa = PBXFileReference; explicitFileType = wrapper.framework; includeInIndex = 0; path = Pods_Template_iOS_project.framework; sourceTree = BUILT_PRODUCTS_DIR; };
		4C2297B72051D94E0035F342 /* Template-iOS-project.app */ = {isa = PBXFileReference; explicitFileType = wrapper.application; includeInIndex = 0; path = "Template-iOS-project.app"; sourceTree = BUILT_PRODUCTS_DIR; };
		4C2297BA2051D94E0035F342 /* AppDelegate.h */ = {isa = PBXFileReference; lastKnownFileType = sourcecode.c.h; path = AppDelegate.h; sourceTree = "<group>"; };
		4C2297BB2051D94E0035F342 /* AppDelegate.m */ = {isa = PBXFileReference; lastKnownFileType = sourcecode.c.objc; path = AppDelegate.m; sourceTree = "<group>"; };
		4C2297C32051D94E0035F342 /* Assets.xcassets */ = {isa = PBXFileReference; lastKnownFileType = folder.assetcatalog; path = Assets.xcassets; sourceTree = "<group>"; };
		4C2297C82051D94E0035F342 /* Info.plist */ = {isa = PBXFileReference; lastKnownFileType = text.plist.xml; path = Info.plist; sourceTree = "<group>"; };
		4C2297C92051D94E0035F342 /* main.m */ = {isa = PBXFileReference; lastKnownFileType = sourcecode.c.objc; path = main.m; sourceTree = "<group>"; };
		4C2297DF2051E7990035F342 /* Macros.h */ = {isa = PBXFileReference; lastKnownFileType = sourcecode.c.h; path = Macros.h; sourceTree = "<group>"; };
		4C2297E02051E7C70035F342 /* Utilities.h */ = {isa = PBXFileReference; lastKnownFileType = sourcecode.c.h; path = Utilities.h; sourceTree = "<group>"; };
		4C2297E12051E7C70035F342 /* Utilities.m */ = {isa = PBXFileReference; lastKnownFileType = sourcecode.c.objc; path = Utilities.m; sourceTree = "<group>"; };
		4C2297E32051EA8F0035F342 /* NavigationController.h */ = {isa = PBXFileReference; lastKnownFileType = sourcecode.c.h; path = NavigationController.h; sourceTree = "<group>"; };
		4C2297E42051EA8F0035F342 /* NavigationController.m */ = {isa = PBXFileReference; lastKnownFileType = sourcecode.c.objc; path = NavigationController.m; sourceTree = "<group>"; };
		4C22E12B20534AD700896A71 /* Colors.h */ = {isa = PBXFileReference; lastKnownFileType = sourcecode.c.h; path = Colors.h; sourceTree = "<group>"; };
		4C22E12C20534AD700896A71 /* Colors.m */ = {isa = PBXFileReference; lastKnownFileType = sourcecode.c.objc; path = Colors.m; sourceTree = "<group>"; };
		4C22E12E20534AF000896A71 /* Constants.h */ = {isa = PBXFileReference; lastKnownFileType = sourcecode.c.h; path = Constants.h; sourceTree = "<group>"; };
		4C22E12F20534AF000896A71 /* Constants.m */ = {isa = PBXFileReference; lastKnownFileType = sourcecode.c.objc; path = Constants.m; sourceTree = "<group>"; };
		4C22E13120534B0200896A71 /* Fonts.h */ = {isa = PBXFileReference; lastKnownFileType = sourcecode.c.h; path = Fonts.h; sourceTree = "<group>"; };
		4C22E13220534B0200896A71 /* Fonts.m */ = {isa = PBXFileReference; lastKnownFileType = sourcecode.c.objc; path = Fonts.m; sourceTree = "<group>"; };
		4C22E13420534B0F00896A71 /* Images.h */ = {isa = PBXFileReference; lastKnownFileType = sourcecode.c.h; path = Images.h; sourceTree = "<group>"; };
		4C22E13520534B0F00896A71 /* Images.m */ = {isa = PBXFileReference; lastKnownFileType = sourcecode.c.objc; path = Images.m; sourceTree = "<group>"; };
		4C22E13720534B3900896A71 /* Enum.h */ = {isa = PBXFileReference; lastKnownFileType = sourcecode.c.h; path = Enum.h; sourceTree = "<group>"; };
		4C22E138205357D300896A71 /* OpenSans-Semibold.ttf */ = {isa = PBXFileReference; lastKnownFileType = file; path = "OpenSans-Semibold.ttf"; sourceTree = "<group>"; };
		4C22E139205357D300896A71 /* OpenSans-Light.ttf */ = {isa = PBXFileReference; lastKnownFileType = file; path = "OpenSans-Light.ttf"; sourceTree = "<group>"; };
		4C22E13A205357D300896A71 /* OpenSans-Regular.ttf */ = {isa = PBXFileReference; lastKnownFileType = file; path = "OpenSans-Regular.ttf"; sourceTree = "<group>"; };
		4C22E13B205357D400896A71 /* OpenSans-Bold.ttf */ = {isa = PBXFileReference; lastKnownFileType = file; path = "OpenSans-Bold.ttf"; sourceTree = "<group>"; };
		4C22E1402053588300896A71 /* ModelTemplate.h */ = {isa = PBXFileReference; lastKnownFileType = sourcecode.c.h; path = ModelTemplate.h; sourceTree = "<group>"; };
		4C22E1412053588300896A71 /* ModelTemplate.m */ = {isa = PBXFileReference; lastKnownFileType = sourcecode.c.objc; path = ModelTemplate.m; sourceTree = "<group>"; };
		4C22E14320535A6300896A71 /* NetworkClient.h */ = {isa = PBXFileReference; lastKnownFileType = sourcecode.c.h; path = NetworkClient.h; sourceTree = "<group>"; };
		4C22E14420535A6300896A71 /* NetworkClient.m */ = {isa = PBXFileReference; lastKnownFileType = sourcecode.c.objc; path = NetworkClient.m; sourceTree = "<group>"; };
		4C22E14620535A8900896A71 /* NetworkService.h */ = {isa = PBXFileReference; lastKnownFileType = sourcecode.c.h; path = NetworkService.h; sourceTree = "<group>"; };
		4C22E14720535A8900896A71 /* NetworkService.m */ = {isa = PBXFileReference; lastKnownFileType = sourcecode.c.objc; path = NetworkService.m; sourceTree = "<group>"; };
		4C22E14A205361E500896A71 /* MainScreenController.h */ = {isa = PBXFileReference; lastKnownFileType = sourcecode.c.h; path = MainScreenController.h; sourceTree = "<group>"; };
		4C22E14B205361E500896A71 /* MainScreenController.m */ = {isa = PBXFileReference; lastKnownFileType = sourcecode.c.objc; path = MainScreenController.m; sourceTree = "<group>"; };
		4C22E14D205361F700896A71 /* MainScreenControllerView.h */ = {isa = PBXFileReference; lastKnownFileType = sourcecode.c.h; path = MainScreenControllerView.h; sourceTree = "<group>"; };
		4C22E14E205361F700896A71 /* MainScreenControllerView.m */ = {isa = PBXFileReference; lastKnownFileType = sourcecode.c.objc; path = MainScreenControllerView.m; sourceTree = "<group>"; };
		4C51ED5C2051F9770078212A /* PrefixHeader.pch */ = {isa = PBXFileReference; lastKnownFileType = sourcecode.c.h; path = PrefixHeader.pch; sourceTree = "<group>"; };
		B1D496998D8A74A60FEF6640 /* Pods-Template-iOS-project.release.xcconfig */ = {isa = PBXFileReference; includeInIndex = 1; lastKnownFileType = text.xcconfig; name = "Pods-Template-iOS-project.release.xcconfig"; path = "Pods/Target Support Files/Pods-Template-iOS-project/Pods-Template-iOS-project.release.xcconfig"; sourceTree = "<group>"; };
		E9FBDAE1C76510C3380DF41B /* Pods-Template-iOS-project.debug.xcconfig */ = {isa = PBXFileReference; includeInIndex = 1; lastKnownFileType = text.xcconfig; name = "Pods-Template-iOS-project.debug.xcconfig"; path = "Pods/Target Support Files/Pods-Template-iOS-project/Pods-Template-iOS-project.debug.xcconfig"; sourceTree = "<group>"; };
/* End PBXFileReference section */

/* Begin PBXFrameworksBuildPhase section */
		4C2297B42051D94E0035F342 /* Frameworks */ = {
			isa = PBXFrameworksBuildPhase;
			buildActionMask = 2147483647;
			files = (
				F0272B5AE796758A7F8A4266 /* Pods_Template_iOS_project.framework in Frameworks */,
			);
			runOnlyForDeploymentPostprocessing = 0;
		};
/* End PBXFrameworksBuildPhase section */

/* Begin PBXGroup section */
		4C2297AE2051D94E0035F342 = {
			isa = PBXGroup;
			children = (
				4C2297B92051D94E0035F342 /* Template-iOS-project */,
				4C2297B82051D94E0035F342 /* Products */,
				72760306319035343D4A5B9A /* Pods */,
				56D339F085B8F6A03EEA90BE /* Frameworks */,
			);
			sourceTree = "<group>";
		};
		4C2297B82051D94E0035F342 /* Products */ = {
			isa = PBXGroup;
			children = (
				4C2297B72051D94E0035F342 /* Template-iOS-project.app */,
			);
			name = Products;
			sourceTree = "<group>";
		};
		4C2297B92051D94E0035F342 /* Template-iOS-project */ = {
			isa = PBXGroup;
			children = (
				4C2297BA2051D94E0035F342 /* AppDelegate.h */,
				4C2297BB2051D94E0035F342 /* AppDelegate.m */,
				4C2297D02051D9890035F342 /* Subcalssing */,
				4C2297D12051D9960035F342 /* Categories */,
				4C2297D22051D99D0035F342 /* Constants */,
				4C2297D32051D9A50035F342 /* Managers */,
				4C2297D42051D9AF0035F342 /* Models */,
				4C2297D52051D9BA0035F342 /* Networking */,
				4C2297D62051DA030035F342 /* View Controllers */,
				4C2297D72051DA110035F342 /* Resources */,
				4C2297D82051DA180035F342 /* Supporting files */,
			);
			path = "Template-iOS-project";
			sourceTree = "<group>";
		};
		4C2297D02051D9890035F342 /* Subcalssing */ = {
			isa = PBXGroup;
			children = (
				4C2297DB2051DCBF0035F342 /* Navigation Controller */,
			);
			path = Subcalssing;
			sourceTree = "<group>";
		};
		4C2297D12051D9960035F342 /* Categories */ = {
			isa = PBXGroup;
			children = (
			);
			path = Categories;
			sourceTree = "<group>";
		};
		4C2297D22051D99D0035F342 /* Constants */ = {
			isa = PBXGroup;
			children = (
				4C22E12B20534AD700896A71 /* Colors.h */,
				4C22E12C20534AD700896A71 /* Colors.m */,
				4C22E12E20534AF000896A71 /* Constants.h */,
				4C22E12F20534AF000896A71 /* Constants.m */,
				4C22E13120534B0200896A71 /* Fonts.h */,
				4C22E13220534B0200896A71 /* Fonts.m */,
				4C22E13420534B0F00896A71 /* Images.h */,
				4C22E13520534B0F00896A71 /* Images.m */,
				4C22E13720534B3900896A71 /* Enum.h */,
			);
			path = Constants;
			sourceTree = "<group>";
		};
		4C2297D32051D9A50035F342 /* Managers */ = {
			isa = PBXGroup;
			children = (
				4C2297DF2051E7990035F342 /* Macros.h */,
				4C2297E02051E7C70035F342 /* Utilities.h */,
				4C2297E12051E7C70035F342 /* Utilities.m */,
			);
			path = Managers;
			sourceTree = "<group>";
		};
		4C2297D42051D9AF0035F342 /* Models */ = {
			isa = PBXGroup;
			children = (
				4C22E1402053588300896A71 /* ModelTemplate.h */,
				4C22E1412053588300896A71 /* ModelTemplate.m */,
			);
			path = Models;
			sourceTree = "<group>";
		};
		4C2297D52051D9BA0035F342 /* Networking */ = {
			isa = PBXGroup;
			children = (
				4C22E14320535A6300896A71 /* NetworkClient.h */,
				4C22E14420535A6300896A71 /* NetworkClient.m */,
				4C22E14620535A8900896A71 /* NetworkService.h */,
				4C22E14720535A8900896A71 /* NetworkService.m */,
			);
			path = Networking;
			sourceTree = "<group>";
		};
		4C2297D62051DA030035F342 /* View Controllers */ = {
			isa = PBXGroup;
			children = (
				4C22E149205361C800896A71 /* Main Screen */,
			);
			path = "View Controllers";
			sourceTree = "<group>";
		};
		4C2297D72051DA110035F342 /* Resources */ = {
			isa = PBXGroup;
			children = (
				4C2297D92051DA800035F342 /* Fonts */,
				4C2297C32051D94E0035F342 /* Assets.xcassets */,
			);
			path = Resources;
			sourceTree = "<group>";
		};
		4C2297D82051DA180035F342 /* Supporting files */ = {
			isa = PBXGroup;
			children = (
				4C2297C92051D94E0035F342 /* main.m */,
				4C2297C82051D94E0035F342 /* Info.plist */,
				4C51ED5C2051F9770078212A /* PrefixHeader.pch */,
			);
			path = "Supporting files";
			sourceTree = "<group>";
		};
		4C2297D92051DA800035F342 /* Fonts */ = {
			isa = PBXGroup;
			children = (
				4C22E13B205357D400896A71 /* OpenSans-Bold.ttf */,
				4C22E139205357D300896A71 /* OpenSans-Light.ttf */,
				4C22E13A205357D300896A71 /* OpenSans-Regular.ttf */,
				4C22E138205357D300896A71 /* OpenSans-Semibold.ttf */,
			);
			path = Fonts;
			sourceTree = "<group>";
		};
		4C2297DB2051DCBF0035F342 /* Navigation Controller */ = {
			isa = PBXGroup;
			children = (
				4C2297E32051EA8F0035F342 /* NavigationController.h */,
				4C2297E42051EA8F0035F342 /* NavigationController.m */,
			);
			path = "Navigation Controller";
			sourceTree = "<group>";
		};
		4C22E149205361C800896A71 /* Main Screen */ = {
			isa = PBXGroup;
			children = (
				4C22E14A205361E500896A71 /* MainScreenController.h */,
				4C22E14B205361E500896A71 /* MainScreenController.m */,
				4C22E14D205361F700896A71 /* MainScreenControllerView.h */,
				4C22E14E205361F700896A71 /* MainScreenControllerView.m */,
			);
			path = "Main Screen";
			sourceTree = "<group>";
		};
		56D339F085B8F6A03EEA90BE /* Frameworks */ = {
			isa = PBXGroup;
			children = (
				3D2A718E46FC59194F67144A /* Pods_Template_iOS_project.framework */,
			);
			name = Frameworks;
			sourceTree = "<group>";
		};
		72760306319035343D4A5B9A /* Pods */ = {
			isa = PBXGroup;
			children = (
				E9FBDAE1C76510C3380DF41B /* Pods-Template-iOS-project.debug.xcconfig */,
				B1D496998D8A74A60FEF6640 /* Pods-Template-iOS-project.release.xcconfig */,
			);
			name = Pods;
			sourceTree = "<group>";
		};
/* End PBXGroup section */

/* Begin PBXNativeTarget section */
		4C2297B62051D94E0035F342 /* Template-iOS-project */ = {
			isa = PBXNativeTarget;
			buildConfigurationList = 4C2297CD2051D94E0035F342 /* Build configuration list for PBXNativeTarget "Template-iOS-project" */;
			buildPhases = (
				7EA9CDC0F310F84AD4F7DB30 /* [CP] Check Pods Manifest.lock */,
				4C2297B32051D94E0035F342 /* Sources */,
				4C2297B42051D94E0035F342 /* Frameworks */,
				4C2297B52051D94E0035F342 /* Resources */,
				199C65D903DA3A42F4A71B07 /* [CP] Embed Pods Frameworks */,
				E1A496BF9F993BBA1159D1AA /* [CP] Copy Pods Resources */,
			);
			buildRules = (
			);
			dependencies = (
			);
			name = "Template-iOS-project";
			productName = "Template iOS project";
			productReference = 4C2297B72051D94E0035F342 /* Template-iOS-project.app */;
			productType = "com.apple.product-type.application";
		};
/* End PBXNativeTarget section */

/* Begin PBXProject section */
		4C2297AF2051D94E0035F342 /* Project object */ = {
			isa = PBXProject;
			attributes = {
				LastUpgradeCheck = 0920;
				ORGANIZATIONNAME = "Jovan Samardziski";
				TargetAttributes = {
					4C2297B62051D94E0035F342 = {
						CreatedOnToolsVersion = 9.2;
						ProvisioningStyle = Automatic;
					};
				};
			};
			buildConfigurationList = 4C2297B22051D94E0035F342 /* Build configuration list for PBXProject "Template-iOS-project" */;
			compatibilityVersion = "Xcode 8.0";
			developmentRegion = en;
			hasScannedForEncodings = 0;
			knownRegions = (
				en,
				Base,
			);
			mainGroup = 4C2297AE2051D94E0035F342;
			productRefGroup = 4C2297B82051D94E0035F342 /* Products */;
			projectDirPath = "";
			projectRoot = "";
			targets = (
				4C2297B62051D94E0035F342 /* Template-iOS-project */,
			);
		};
/* End PBXProject section */

/* Begin PBXResourcesBuildPhase section */
		4C2297B52051D94E0035F342 /* Resources */ = {
			isa = PBXResourcesBuildPhase;
			buildActionMask = 2147483647;
			files = (
				4C22E13D205357D400896A71 /* OpenSans-Light.ttf in Resources */,
				4C22E13C205357D400896A71 /* OpenSans-Semibold.ttf in Resources */,
				4C22E13E205357D400896A71 /* OpenSans-Regular.ttf in Resources */,
				4C22E13F205357D400896A71 /* OpenSans-Bold.ttf in Resources */,
				4C2297C42051D94E0035F342 /* Assets.xcassets in Resources */,
			);
			runOnlyForDeploymentPostprocessing = 0;
		};
/* End PBXResourcesBuildPhase section */

/* Begin PBXShellScriptBuildPhase section */
		199C65D903DA3A42F4A71B07 /* [CP] Embed Pods Frameworks */ = {
			isa = PBXShellScriptBuildPhase;
			buildActionMask = 2147483647;
			files = (
			);
			inputPaths = (
				"${SRCROOT}/Pods/Target Support Files/Pods-Template-iOS-project/Pods-Template-iOS-project-frameworks.sh",
				"${BUILT_PRODUCTS_DIR}/AFNetworking/AFNetworking.framework",
				"${BUILT_PRODUCTS_DIR}/IQKeyboardManager/IQKeyboardManager.framework",
				"${BUILT_PRODUCTS_DIR}/KVNProgress/KVNProgress.framework",
				"${BUILT_PRODUCTS_DIR}/Masonry/Masonry.framework",
			);
			name = "[CP] Embed Pods Frameworks";
			outputPaths = (
				"${TARGET_BUILD_DIR}/${FRAMEWORKS_FOLDER_PATH}/AFNetworking.framework",
				"${TARGET_BUILD_DIR}/${FRAMEWORKS_FOLDER_PATH}/IQKeyboardManager.framework",
				"${TARGET_BUILD_DIR}/${FRAMEWORKS_FOLDER_PATH}/KVNProgress.framework",
				"${TARGET_BUILD_DIR}/${FRAMEWORKS_FOLDER_PATH}/Masonry.framework",
			);
			runOnlyForDeploymentPostprocessing = 0;
			shellPath = /bin/sh;
			shellScript = "\"${SRCROOT}/Pods/Target Support Files/Pods-Template-iOS-project/Pods-Template-iOS-project-frameworks.sh\"\n";
			showEnvVarsInLog = 0;
		};
		7EA9CDC0F310F84AD4F7DB30 /* [CP] Check Pods Manifest.lock */ = {
			isa = PBXShellScriptBuildPhase;
			buildActionMask = 2147483647;
			files = (
			);
			inputPaths = (
				"${PODS_PODFILE_DIR_PATH}/Podfile.lock",
				"${PODS_ROOT}/Manifest.lock",
			);
			name = "[CP] Check Pods Manifest.lock";
			outputPaths = (
				"$(DERIVED_FILE_DIR)/Pods-Template-iOS-project-checkManifestLockResult.txt",
			);
			runOnlyForDeploymentPostprocessing = 0;
			shellPath = /bin/sh;
			shellScript = "diff \"${PODS_PODFILE_DIR_PATH}/Podfile.lock\" \"${PODS_ROOT}/Manifest.lock\" > /dev/null\nif [ $? != 0 ] ; then\n    # print error to STDERR\n    echo \"error: The sandbox is not in sync with the Podfile.lock. Run 'pod install' or update your CocoaPods installation.\" >&2\n    exit 1\nfi\n# This output is used by Xcode 'outputs' to avoid re-running this script phase.\necho \"SUCCESS\" > \"${SCRIPT_OUTPUT_FILE_0}\"\n";
			showEnvVarsInLog = 0;
		};
		E1A496BF9F993BBA1159D1AA /* [CP] Copy Pods Resources */ = {
			isa = PBXShellScriptBuildPhase;
			buildActionMask = 2147483647;
			files = (
			);
			inputPaths = (
				"${SRCROOT}/Pods/Target Support Files/Pods-Template iOS project/Pods-Template iOS project-resources.sh",
				"${PODS_ROOT}/IQKeyboardManager/IQKeyboardManager/Resources/IQKeyboardManager.bundle",
				"${PODS_ROOT}/KVNProgress/KVNProgress/Resources/KVNProgressView.xib",
			);
			name = "[CP] Copy Pods Resources";
			outputPaths = (
				"${TARGET_BUILD_DIR}/${UNLOCALIZED_RESOURCES_FOLDER_PATH}/IQKeyboardManager.bundle",
				"${TARGET_BUILD_DIR}/${UNLOCALIZED_RESOURCES_FOLDER_PATH}/KVNProgressView.nib",
			);
			runOnlyForDeploymentPostprocessing = 0;
			shellPath = /bin/sh;
			shellScript = "\"${SRCROOT}/Pods/Target Support Files/Pods-Template-iOS-project/Pods-Template-iOS-project-resources.sh\"\n";
			showEnvVarsInLog = 0;
		};
/* End PBXShellScriptBuildPhase section */

/* Begin PBXSourcesBuildPhase section */
		4C2297B32051D94E0035F342 /* Sources */ = {
			isa = PBXSourcesBuildPhase;
			buildActionMask = 2147483647;
			files = (
				4C22E12D20534AD700896A71 /* Colors.m in Sources */,
				4C22E13620534B0F00896A71 /* Images.m in Sources */,
				4C2297CA2051D94E0035F342 /* main.m in Sources */,
				4C22E1422053588300896A71 /* ModelTemplate.m in Sources */,
				4C22E14F205361F700896A71 /* MainScreenControllerView.m in Sources */,
				4C2297E52051EA8F0035F342 /* NavigationController.m in Sources */,
				4C22E14520535A6300896A71 /* NetworkClient.m in Sources */,
				4C2297E22051E7C70035F342 /* Utilities.m in Sources */,
				4C2297BC2051D94E0035F342 /* AppDelegate.m in Sources */,
				4C22E13320534B0200896A71 /* Fonts.m in Sources */,
				4C22E14820535A8900896A71 /* NetworkService.m in Sources */,
				4C22E14C205361E500896A71 /* MainScreenController.m in Sources */,
				4C22E13020534AF000896A71 /* Constants.m in Sources */,
			);
			runOnlyForDeploymentPostprocessing = 0;
		};
/* End PBXSourcesBuildPhase section */

/* Begin XCBuildConfiguration section */
		4C2297CB2051D94E0035F342 /* Debug */ = {
			isa = XCBuildConfiguration;
			buildSettings = {
				ALWAYS_SEARCH_USER_PATHS = NO;
				CLANG_ANALYZER_NONNULL = YES;
				CLANG_ANALYZER_NUMBER_OBJECT_CONVERSION = YES_AGGRESSIVE;
				CLANG_CXX_LANGUAGE_STANDARD = "gnu++14";
				CLANG_CXX_LIBRARY = "libc++";
				CLANG_ENABLE_MODULES = YES;
				CLANG_ENABLE_OBJC_ARC = YES;
				CLANG_WARN_BLOCK_CAPTURE_AUTORELEASING = YES;
				CLANG_WARN_BOOL_CONVERSION = YES;
				CLANG_WARN_COMMA = YES;
				CLANG_WARN_CONSTANT_CONVERSION = YES;
				CLANG_WARN_DIRECT_OBJC_ISA_USAGE = YES_ERROR;
				CLANG_WARN_DOCUMENTATION_COMMENTS = YES;
				CLANG_WARN_EMPTY_BODY = YES;
				CLANG_WARN_ENUM_CONVERSION = YES;
				CLANG_WARN_INFINITE_RECURSION = YES;
				CLANG_WARN_INT_CONVERSION = YES;
				CLANG_WARN_NON_LITERAL_NULL_CONVERSION = YES;
				CLANG_WARN_OBJC_LITERAL_CONVERSION = YES;
				CLANG_WARN_OBJC_ROOT_CLASS = YES_ERROR;
				CLANG_WARN_RANGE_LOOP_ANALYSIS = YES;
				CLANG_WARN_STRICT_PROTOTYPES = YES;
				CLANG_WARN_SUSPICIOUS_MOVE = YES;
				CLANG_WARN_UNGUARDED_AVAILABILITY = YES_AGGRESSIVE;
				CLANG_WARN_UNREACHABLE_CODE = YES;
				CLANG_WARN__DUPLICATE_METHOD_MATCH = YES;
				CODE_SIGN_IDENTITY = "iPhone Developer";
				COPY_PHASE_STRIP = NO;
				DEBUG_INFORMATION_FORMAT = dwarf;
				ENABLE_STRICT_OBJC_MSGSEND = YES;
				ENABLE_TESTABILITY = YES;
				GCC_C_LANGUAGE_STANDARD = gnu11;
				GCC_DYNAMIC_NO_PIC = NO;
				GCC_NO_COMMON_BLOCKS = YES;
				GCC_OPTIMIZATION_LEVEL = 0;
				GCC_PREPROCESSOR_DEFINITIONS = (
					"DEBUG=1",
					"$(inherited)",
				);
				GCC_WARN_64_TO_32_BIT_CONVERSION = YES;
				GCC_WARN_ABOUT_RETURN_TYPE = YES_ERROR;
				GCC_WARN_UNDECLARED_SELECTOR = YES;
				GCC_WARN_UNINITIALIZED_AUTOS = YES_AGGRESSIVE;
				GCC_WARN_UNUSED_FUNCTION = YES;
				GCC_WARN_UNUSED_VARIABLE = YES;
				IPHONEOS_DEPLOYMENT_TARGET = 11.2;
				MTL_ENABLE_DEBUG_INFO = YES;
				ONLY_ACTIVE_ARCH = YES;
				SDKROOT = iphoneos;
			};
			name = Debug;
		};
		4C2297CC2051D94E0035F342 /* Release */ = {
			isa = XCBuildConfiguration;
			buildSettings = {
				ALWAYS_SEARCH_USER_PATHS = NO;
				CLANG_ANALYZER_NONNULL = YES;
				CLANG_ANALYZER_NUMBER_OBJECT_CONVERSION = YES_AGGRESSIVE;
				CLANG_CXX_LANGUAGE_STANDARD = "gnu++14";
				CLANG_CXX_LIBRARY = "libc++";
				CLANG_ENABLE_MODULES = YES;
				CLANG_ENABLE_OBJC_ARC = YES;
				CLANG_WARN_BLOCK_CAPTURE_AUTORELEASING = YES;
				CLANG_WARN_BOOL_CONVERSION = YES;
				CLANG_WARN_COMMA = YES;
				CLANG_WARN_CONSTANT_CONVERSION = YES;
				CLANG_WARN_DIRECT_OBJC_ISA_USAGE = YES_ERROR;
				CLANG_WARN_DOCUMENTATION_COMMENTS = YES;
				CLANG_WARN_EMPTY_BODY = YES;
				CLANG_WARN_ENUM_CONVERSION = YES;
				CLANG_WARN_INFINITE_RECURSION = YES;
				CLANG_WARN_INT_CONVERSION = YES;
				CLANG_WARN_NON_LITERAL_NULL_CONVERSION = YES;
				CLANG_WARN_OBJC_LITERAL_CONVERSION = YES;
				CLANG_WARN_OBJC_ROOT_CLASS = YES_ERROR;
				CLANG_WARN_RANGE_LOOP_ANALYSIS = YES;
				CLANG_WARN_STRICT_PROTOTYPES = YES;
				CLANG_WARN_SUSPICIOUS_MOVE = YES;
				CLANG_WARN_UNGUARDED_AVAILABILITY = YES_AGGRESSIVE;
				CLANG_WARN_UNREACHABLE_CODE = YES;
				CLANG_WARN__DUPLICATE_METHOD_MATCH = YES;
				CODE_SIGN_IDENTITY = "iPhone Developer";
				COPY_PHASE_STRIP = NO;
				DEBUG_INFORMATION_FORMAT = "dwarf-with-dsym";
				ENABLE_NS_ASSERTIONS = NO;
				ENABLE_STRICT_OBJC_MSGSEND = YES;
				GCC_C_LANGUAGE_STANDARD = gnu11;
				GCC_NO_COMMON_BLOCKS = YES;
				GCC_WARN_64_TO_32_BIT_CONVERSION = YES;
				GCC_WARN_ABOUT_RETURN_TYPE = YES_ERROR;
				GCC_WARN_UNDECLARED_SELECTOR = YES;
				GCC_WARN_UNINITIALIZED_AUTOS = YES_AGGRESSIVE;
				GCC_WARN_UNUSED_FUNCTION = YES;
				GCC_WARN_UNUSED_VARIABLE = YES;
				IPHONEOS_DEPLOYMENT_TARGET = 11.2;
				MTL_ENABLE_DEBUG_INFO = NO;
				SDKROOT = iphoneos;
				VALIDATE_PRODUCT = YES;
			};
			name = Release;
		};
		4C2297CE2051D94E0035F342 /* Debug */ = {
			isa = XCBuildConfiguration;
			baseConfigurationReference = E9FBDAE1C76510C3380DF41B /* Pods-Template-iOS-project.debug.xcconfig */;
			buildSettings = {
				ASSETCATALOG_COMPILER_APPICON_NAME = AppIcon;
				ASSETCATALOG_COMPILER_LAUNCHIMAGE_NAME = LaunchImage;
				CODE_SIGN_STYLE = Automatic;
				DEVELOPMENT_TEAM = 43695FRA3E;
				GCC_PREFIX_HEADER = "$(SRCROOT)/Template-iOS-project/Supporting files/PrefixHeader.pch";
				INFOPLIST_FILE = "$(SRCROOT)/Template-iOS-project/Supporting files/Info.plist";
				IPHONEOS_DEPLOYMENT_TARGET = 11.0;
				LD_RUNPATH_SEARCH_PATHS = "$(inherited) @executable_path/Frameworks";
				PRODUCT_BUNDLE_IDENTIFIER = "com.jovansamardziski.Template-iOS-project";
				PRODUCT_NAME = "$(TARGET_NAME)";
				TARGETED_DEVICE_FAMILY = 1;
			};
			name = Debug;
		};
		4C2297CF2051D94E0035F342 /* Release */ = {
			isa = XCBuildConfiguration;
			baseConfigurationReference = B1D496998D8A74A60FEF6640 /* Pods-Template-iOS-project.release.xcconfig */;
			buildSettings = {
				ASSETCATALOG_COMPILER_APPICON_NAME = AppIcon;
				ASSETCATALOG_COMPILER_LAUNCHIMAGE_NAME = LaunchImage;
				CODE_SIGN_STYLE = Automatic;
				DEVELOPMENT_TEAM = 43695FRA3E;
				GCC_PREFIX_HEADER = "$(SRCROOT)/Template-iOS-project/Supporting files/PrefixHeader.pch";
				INFOPLIST_FILE = "$(SRCROOT)/Template-iOS-project/Supporting files/Info.plist";
				IPHONEOS_DEPLOYMENT_TARGET = 11.0;
				LD_RUNPATH_SEARCH_PATHS = "$(inherited) @executable_path/Frameworks";
				PRODUCT_BUNDLE_IDENTIFIER = "com.jovansamardziski.Template-iOS-project";
				PRODUCT_NAME = "$(TARGET_NAME)";
				TARGETED_DEVICE_FAMILY = 1;
			};
			name = Release;
		};
/* End XCBuildConfiguration section */

/* Begin XCConfigurationList section */
		4C2297B22051D94E0035F342 /* Build configuration list for PBXProject "Template-iOS-project" */ = {
			isa = XCConfigurationList;
			buildConfigurations = (
				4C2297CB2051D94E0035F342 /* Debug */,
				4C2297CC2051D94E0035F342 /* Release */,
			);
			defaultConfigurationIsVisible = 0;
			defaultConfigurationName = Release;
		};
		4C2297CD2051D94E0035F342 /* Build configuration list for PBXNativeTarget "Template-iOS-project" */ = {
			isa = XCConfigurationList;
			buildConfigurations = (
				4C2297CE2051D94E0035F342 /* Debug */,
				4C2297CF2051D94E0035F342 /* Release */,
			);
			defaultConfigurationIsVisible = 0;
			defaultConfigurationName = Release;
		};
/* End XCConfigurationList section */
	};
	rootObject = 4C2297AF2051D94E0035F342 /* Project object */;
}
